
Microsoft Visual Studio Solution File, Format Version 12.00
# Visual Studio 15
VisualStudioVersion = 15.0.28307.421
MinimumVisualStudioVersion = 10.0.40219.1
Project("{FAE04EC0-301F-11D3-BF4B-00C04F79EFBC}") = "VideoCourse_4", "VideoCourse_4\VideoCourse_4.csproj", "{470ED92A-E5C1-4976-8D36-A15202245350}"
EndProject
Global
	GlobalSection(SolutionConfigurationPlatforms) = preSolution
		Debug|Any CPU = Debug|Any CPU
		Release|Any CPU = Release|Any CPU
	EndGlobalSection
	GlobalSection(ProjectConfigurationPlatforms) = postSolution
		{470ED92A-E5C1-4976-8D36-A15202245350}.Debug|Any CPU.ActiveCfg = Debug|Any CPU
		{470ED92A-E5C1-4976-8D36-A15202245350}.Debug|Any CPU.Build.0 = Debug|Any CPU
		{470ED92A-E5C1-4976-8D36-A15202245350}.Release|Any CPU.ActiveCfg = Release|Any CPU
		{470ED92A-E5C1-4976-8D36-A15202245350}.Release|Any CPU.Build.0 = Release|Any CPU
	EndGlobalSection
	GlobalSection(SolutionProperties) = preSolution
		HideSolutionNode = FALSE
	EndGlobalSection
	GlobalSection(ExtensibilityGlobals) = postSolution
		SolutionGuid = {0322A496-4E1F-4EAD-BE54-AD25222F214D}
	EndGlobalSection
EndGlobal
